
Microsoft Visual Studio Solution File, Format Version 12.00
# Visual Studio Version 17
VisualStudioVersion = 17.2.32505.173
MinimumVisualStudioVersion = 10.0.40219.1
Project("{FAE04EC0-301F-11D3-BF4B-00C04F79EFBC}") = "Gencpa", "Gencpa\Gencpa.csproj", "{44286EE4-5B69-49DF-8EDC-D402FDDC98CE}"
EndProject
Global
	GlobalSection(SolutionConfigurationPlatforms) = preSolution
		Debug|Any CPU = Debug|Any CPU
		Release|Any CPU = Release|Any CPU
	EndGlobalSection
	GlobalSection(ProjectConfigurationPlatforms) = postSolution
		{44286EE4-5B69-49DF-8EDC-D402FDDC98CE}.Debug|Any CPU.ActiveCfg = Debug|Any CPU
		{44286EE4-5B69-49DF-8EDC-D402FDDC98CE}.Debug|Any CPU.Build.0 = Debug|Any CPU
		{44286EE4-5B69-49DF-8EDC-D402FDDC98CE}.Release|Any CPU.ActiveCfg = Release|Any CPU
		{44286EE4-5B69-49DF-8EDC-D402FDDC98CE}.Release|Any CPU.Build.0 = Release|Any CPU
	EndGlobalSection
	GlobalSection(SolutionProperties) = preSolution
		HideSolutionNode = FALSE
	EndGlobalSection
	GlobalSection(ExtensibilityGlobals) = postSolution
		SolutionGuid = {EF7E1EC7-3032-4B1F-AD7B-5E76E2A4AF42}
	EndGlobalSection
EndGlobal
